// !$*UTF8*$!
{
	archiveVersion = 1;
	classes = {
	};
	objectVersion = 56;
	objects = {

/* Begin PBXBuildFile section */
		722642822B979A5E00D93023 /* LoginViewController.swift in Sources */ = {isa = PBXBuildFile; fileRef = 722642812B979A5E00D93023 /* LoginViewController.swift */; };
		7236A18E2B9338AC002691CD /* AppDelegate.swift in Sources */ = {isa = PBXBuildFile; fileRef = 7236A18D2B9338AC002691CD /* AppDelegate.swift */; };
		7236A1902B9338AC002691CD /* SceneDelegate.swift in Sources */ = {isa = PBXBuildFile; fileRef = 7236A18F2B9338AC002691CD /* SceneDelegate.swift */; };
		7236A1922B9338AC002691CD /* MainTabViewController.swift in Sources */ = {isa = PBXBuildFile; fileRef = 7236A1912B9338AC002691CD /* MainTabViewController.swift */; };
		7236A19A2B9338AD002691CD /* Assets.xcassets in Resources */ = {isa = PBXBuildFile; fileRef = 7236A1992B9338AD002691CD /* Assets.xcassets */; };
		7236A19D2B9338AD002691CD /* LaunchScreen.storyboard in Resources */ = {isa = PBXBuildFile; fileRef = 7236A19B2B9338AD002691CD /* LaunchScreen.storyboard */; };
		725F1C2D2B96FD960015D130 /* ProfileTableViewHeader.swift in Sources */ = {isa = PBXBuildFile; fileRef = 725F1C2C2B96FD960015D130 /* ProfileTableViewHeader.swift */; };
		725F1C2F2B9759D50015D130 /* GoogleService-Info.plist in Resources */ = {isa = PBXBuildFile; fileRef = 725F1C2E2B9759D50015D130 /* GoogleService-Info.plist */; };
		725F1C3E2B975A8A0015D130 /* FirebaseAuth in Frameworks */ = {isa = PBXBuildFile; productRef = 725F1C3D2B975A8A0015D130 /* FirebaseAuth */; };
		725F1C402B975A8A0015D130 /* FirebaseAuthCombine-Community in Frameworks */ = {isa = PBXBuildFile; productRef = 725F1C3F2B975A8A0015D130 /* FirebaseAuthCombine-Community */; };
		725F1C442B975A8A0015D130 /* FirebaseDatabase in Frameworks */ = {isa = PBXBuildFile; productRef = 725F1C432B975A8A0015D130 /* FirebaseDatabase */; };
		725F1C462B975A8A0015D130 /* FirebaseDatabaseSwift in Frameworks */ = {isa = PBXBuildFile; productRef = 725F1C452B975A8A0015D130 /* FirebaseDatabaseSwift */; };
		725F1C4A2B975A8A0015D130 /* FirebaseFirestore in Frameworks */ = {isa = PBXBuildFile; productRef = 725F1C492B975A8A0015D130 /* FirebaseFirestore */; };
		725F1C4C2B975A8A0015D130 /* FirebaseFirestoreCombine-Community in Frameworks */ = {isa = PBXBuildFile; productRef = 725F1C4B2B975A8A0015D130 /* FirebaseFirestoreCombine-Community */; };
		725F1C4E2B975A8A0015D130 /* FirebaseFirestoreSwift in Frameworks */ = {isa = PBXBuildFile; productRef = 725F1C4D2B975A8A0015D130 /* FirebaseFirestoreSwift */; };
		725F1C642B975A8A0015D130 /* FirebaseStorage in Frameworks */ = {isa = PBXBuildFile; productRef = 725F1C632B975A8A0015D130 /* FirebaseStorage */; };
		725F1C662B975A8A0015D130 /* FirebaseStorageCombine-Community in Frameworks */ = {isa = PBXBuildFile; productRef = 725F1C652B975A8A0015D130 /* FirebaseStorageCombine-Community */; };
		725F1C692B975BBA0015D130 /* OnboardingViewController.swift in Sources */ = {isa = PBXBuildFile; fileRef = 725F1C682B975BBA0015D130 /* OnboardingViewController.swift */; };
		725F1C6B2B975FF50015D130 /* RegisterViewController.swift in Sources */ = {isa = PBXBuildFile; fileRef = 725F1C6A2B975FF50015D130 /* RegisterViewController.swift */; };
		725F1C6E2B976B350015D130 /* AuthenticationViewViewModel.swift in Sources */ = {isa = PBXBuildFile; fileRef = 725F1C6D2B976B350015D130 /* AuthenticationViewViewModel.swift */; };
		725F1C712B97729B0015D130 /* AuthManager.swift in Sources */ = {isa = PBXBuildFile; fileRef = 725F1C702B97729B0015D130 /* AuthManager.swift */; };
		72620C462B95CF08008D0481 /* HomeViewController.swift in Sources */ = {isa = PBXBuildFile; fileRef = 72620C452B95CF08008D0481 /* HomeViewController.swift */; };
		72620C482B95CF15008D0481 /* SearchViewController.swift in Sources */ = {isa = PBXBuildFile; fileRef = 72620C472B95CF15008D0481 /* SearchViewController.swift */; };
		72620C4A2B95CF21008D0481 /* NotificationViewController.swift in Sources */ = {isa = PBXBuildFile; fileRef = 72620C492B95CF21008D0481 /* NotificationViewController.swift */; };
		72620C4C2B95CF2A008D0481 /* DirectMessageViewController.swift in Sources */ = {isa = PBXBuildFile; fileRef = 72620C4B2B95CF2A008D0481 /* DirectMessageViewController.swift */; };
		72620C4F2B95D0E1008D0481 /* TweetTableViewCell.swift in Sources */ = {isa = PBXBuildFile; fileRef = 72620C4E2B95D0E1008D0481 /* TweetTableViewCell.swift */; };
		72620C522B95D2C2008D0481 /* Extensions.swift in Sources */ = {isa = PBXBuildFile; fileRef = 72620C512B95D2C2008D0481 /* Extensions.swift */; };
		72AD2D3A2B95EF1A00611832 /* ProfileViewController.swift in Sources */ = {isa = PBXBuildFile; fileRef = 72AD2D392B95EF1A00611832 /* ProfileViewController.swift */; };
		72E536422B9869E2005B7646 /* TwitterUser.swift in Sources */ = {isa = PBXBuildFile; fileRef = 72E536412B9869E2005B7646 /* TwitterUser.swift */; };
		72E536442B986A7F005B7646 /* DatabaseManager.swift in Sources */ = {isa = PBXBuildFile; fileRef = 72E536432B986A7F005B7646 /* DatabaseManager.swift */; };
		72E536462B9873FE005B7646 /* HomeViewViewModel.swift in Sources */ = {isa = PBXBuildFile; fileRef = 72E536452B9873FE005B7646 /* HomeViewViewModel.swift */; };
		72E536482B98772C005B7646 /* ProfileDataFormViewController.swift in Sources */ = {isa = PBXBuildFile; fileRef = 72E536472B98772C005B7646 /* ProfileDataFormViewController.swift */; };
		72E5364A2B98780C005B7646 /* ProfileDataFormViewViewModel.swift in Sources */ = {isa = PBXBuildFile; fileRef = 72E536492B98780C005B7646 /* ProfileDataFormViewViewModel.swift */; };
		72E5364C2B9893D0005B7646 /* StorageManager.swift in Sources */ = {isa = PBXBuildFile; fileRef = 72E5364B2B9893D0005B7646 /* StorageManager.swift */; };
		72E5364E2B989E7D005B7646 /* ProfileViewViewModel.swift in Sources */ = {isa = PBXBuildFile; fileRef = 72E5364D2B989E7D005B7646 /* ProfileViewViewModel.swift */; };
		72E536512B98A254005B7646 /* SDWebImage in Frameworks */ = {isa = PBXBuildFile; productRef = 72E536502B98A254005B7646 /* SDWebImage */; };
		72E536562B98BD94005B7646 /* TweetComposeViewController.swift in Sources */ = {isa = PBXBuildFile; fileRef = 72E536552B98BD94005B7646 /* TweetComposeViewController.swift */; };
		72E536582B98C153005B7646 /* Tweet.swift in Sources */ = {isa = PBXBuildFile; fileRef = 72E536572B98C153005B7646 /* Tweet.swift */; };
		72E5365A2B98C1CC005B7646 /* TweetComposeViewViewModel.swift in Sources */ = {isa = PBXBuildFile; fileRef = 72E536592B98C1CC005B7646 /* TweetComposeViewViewModel.swift */; };
/* End PBXBuildFile section */

/* Begin PBXFileReference section */
		722642812B979A5E00D93023 /* LoginViewController.swift */ = {isa = PBXFileReference; lastKnownFileType = sourcecode.swift; path = LoginViewController.swift; sourceTree = "<group>"; };
		7236A18A2B9338AC002691CD /* TwitterClone.app */ = {isa = PBXFileReference; explicitFileType = wrapper.application; includeInIndex = 0; path = TwitterClone.app; sourceTree = BUILT_PRODUCTS_DIR; };
		7236A18D2B9338AC002691CD /* AppDelegate.swift */ = {isa = PBXFileReference; lastKnownFileType = sourcecode.swift; path = AppDelegate.swift; sourceTree = "<group>"; };
		7236A18F2B9338AC002691CD /* SceneDelegate.swift */ = {isa = PBXFileReference; lastKnownFileType = sourcecode.swift; path = SceneDelegate.swift; sourceTree = "<group>"; };
		7236A1912B9338AC002691CD /* MainTabViewController.swift */ = {isa = PBXFileReference; lastKnownFileType = sourcecode.swift; path = MainTabViewController.swift; sourceTree = "<group>"; };
		7236A1992B9338AD002691CD /* Assets.xcassets */ = {isa = PBXFileReference; lastKnownFileType = folder.assetcatalog; path = Assets.xcassets; sourceTree = "<group>"; };
		7236A19C2B9338AD002691CD /* Base */ = {isa = PBXFileReference; lastKnownFileType = file.storyboard; name = Base; path = Base.lproj/LaunchScreen.storyboard; sourceTree = "<group>"; };
		7236A19E2B9338AD002691CD /* Info.plist */ = {isa = PBXFileReference; lastKnownFileType = text.plist.xml; path = Info.plist; sourceTree = "<group>"; };
		725F1C2C2B96FD960015D130 /* ProfileTableViewHeader.swift */ = {isa = PBXFileReference; lastKnownFileType = sourcecode.swift; path = ProfileTableViewHeader.swift; sourceTree = "<group>"; };
		725F1C2E2B9759D50015D130 /* GoogleService-Info.plist */ = {isa = PBXFileReference; fileEncoding = 4; lastKnownFileType = text.plist.xml; path = "GoogleService-Info.plist"; sourceTree = "<group>"; };
		725F1C682B975BBA0015D130 /* OnboardingViewController.swift */ = {isa = PBXFileReference; lastKnownFileType = sourcecode.swift; path = OnboardingViewController.swift; sourceTree = "<group>"; };
		725F1C6A2B975FF50015D130 /* RegisterViewController.swift */ = {isa = PBXFileReference; lastKnownFileType = sourcecode.swift; path = RegisterViewController.swift; sourceTree = "<group>"; };
		725F1C6D2B976B350015D130 /* AuthenticationViewViewModel.swift */ = {isa = PBXFileReference; lastKnownFileType = sourcecode.swift; path = AuthenticationViewViewModel.swift; sourceTree = "<group>"; };
		725F1C702B97729B0015D130 /* AuthManager.swift */ = {isa = PBXFileReference; lastKnownFileType = sourcecode.swift; path = AuthManager.swift; sourceTree = "<group>"; };
		72620C452B95CF08008D0481 /* HomeViewController.swift */ = {isa = PBXFileReference; lastKnownFileType = sourcecode.swift; path = HomeViewController.swift; sourceTree = "<group>"; };
		72620C472B95CF15008D0481 /* SearchViewController.swift */ = {isa = PBXFileReference; lastKnownFileType = sourcecode.swift; path = SearchViewController.swift; sourceTree = "<group>"; };
		72620C492B95CF21008D0481 /* NotificationViewController.swift */ = {isa = PBXFileReference; lastKnownFileType = sourcecode.swift; path = NotificationViewController.swift; sourceTree = "<group>"; };
		72620C4B2B95CF2A008D0481 /* DirectMessageViewController.swift */ = {isa = PBXFileReference; lastKnownFileType = sourcecode.swift; path = DirectMessageViewController.swift; sourceTree = "<group>"; };
		72620C4E2B95D0E1008D0481 /* TweetTableViewCell.swift */ = {isa = PBXFileReference; lastKnownFileType = sourcecode.swift; path = TweetTableViewCell.swift; sourceTree = "<group>"; };
		72620C512B95D2C2008D0481 /* Extensions.swift */ = {isa = PBXFileReference; lastKnownFileType = sourcecode.swift; path = Extensions.swift; sourceTree = "<group>"; };
		72AD2D392B95EF1A00611832 /* ProfileViewController.swift */ = {isa = PBXFileReference; lastKnownFileType = sourcecode.swift; path = ProfileViewController.swift; sourceTree = "<group>"; };
		72E536412B9869E2005B7646 /* TwitterUser.swift */ = {isa = PBXFileReference; lastKnownFileType = sourcecode.swift; path = TwitterUser.swift; sourceTree = "<group>"; };
		72E536432B986A7F005B7646 /* DatabaseManager.swift */ = {isa = PBXFileReference; lastKnownFileType = sourcecode.swift; path = DatabaseManager.swift; sourceTree = "<group>"; };
		72E536452B9873FE005B7646 /* HomeViewViewModel.swift */ = {isa = PBXFileReference; lastKnownFileType = sourcecode.swift; path = HomeViewViewModel.swift; sourceTree = "<group>"; };
		72E536472B98772C005B7646 /* ProfileDataFormViewController.swift */ = {isa = PBXFileReference; lastKnownFileType = sourcecode.swift; path = ProfileDataFormViewController.swift; sourceTree = "<group>"; };
		72E536492B98780C005B7646 /* ProfileDataFormViewViewModel.swift */ = {isa = PBXFileReference; lastKnownFileType = sourcecode.swift; path = ProfileDataFormViewViewModel.swift; sourceTree = "<group>"; };
		72E5364B2B9893D0005B7646 /* StorageManager.swift */ = {isa = PBXFileReference; lastKnownFileType = sourcecode.swift; path = StorageManager.swift; sourceTree = "<group>"; };
		72E5364D2B989E7D005B7646 /* ProfileViewViewModel.swift */ = {isa = PBXFileReference; lastKnownFileType = sourcecode.swift; path = ProfileViewViewModel.swift; sourceTree = "<group>"; };
		72E536552B98BD94005B7646 /* TweetComposeViewController.swift */ = {isa = PBXFileReference; lastKnownFileType = sourcecode.swift; path = TweetComposeViewController.swift; sourceTree = "<group>"; };
		72E536572B98C153005B7646 /* Tweet.swift */ = {isa = PBXFileReference; lastKnownFileType = sourcecode.swift; path = Tweet.swift; sourceTree = "<group>"; };
		72E536592B98C1CC005B7646 /* TweetComposeViewViewModel.swift */ = {isa = PBXFileReference; lastKnownFileType = sourcecode.swift; path = TweetComposeViewViewModel.swift; sourceTree = "<group>"; };
/* End PBXFileReference section */

/* Begin PBXFrameworksBuildPhase section */
		7236A1872B9338AC002691CD /* Frameworks */ = {
			isa = PBXFrameworksBuildPhase;
			buildActionMask = 2147483647;
			files = (
				725F1C442B975A8A0015D130 /* FirebaseDatabase in Frameworks */,
				725F1C4A2B975A8A0015D130 /* FirebaseFirestore in Frameworks */,
				725F1C4E2B975A8A0015D130 /* FirebaseFirestoreSwift in Frameworks */,
				725F1C3E2B975A8A0015D130 /* FirebaseAuth in Frameworks */,
				72E536512B98A254005B7646 /* SDWebImage in Frameworks */,
				725F1C462B975A8A0015D130 /* FirebaseDatabaseSwift in Frameworks */,
				725F1C662B975A8A0015D130 /* FirebaseStorageCombine-Community in Frameworks */,
				725F1C402B975A8A0015D130 /* FirebaseAuthCombine-Community in Frameworks */,
				725F1C642B975A8A0015D130 /* FirebaseStorage in Frameworks */,
				725F1C4C2B975A8A0015D130 /* FirebaseFirestoreCombine-Community in Frameworks */,
			);
			runOnlyForDeploymentPostprocessing = 0;
		};
/* End PBXFrameworksBuildPhase section */

/* Begin PBXGroup section */
		7236A1812B9338AC002691CD = {
			isa = PBXGroup;
			children = (
				7236A18C2B9338AC002691CD /* TwitterClone */,
				725F1C2E2B9759D50015D130 /* GoogleService-Info.plist */,
				7236A18B2B9338AC002691CD /* Products */,
			);
			sourceTree = "<group>";
		};
		7236A18B2B9338AC002691CD /* Products */ = {
			isa = PBXGroup;
			children = (
				7236A18A2B9338AC002691CD /* TwitterClone.app */,
			);
			name = Products;
			sourceTree = "<group>";
		};
		7236A18C2B9338AC002691CD /* TwitterClone */ = {
			isa = PBXGroup;
			children = (
				72E536402B9869C9005B7646 /* Models */,
				725F1C6F2B97728B0015D130 /* Networking */,
				72620C502B95D299008D0481 /* Managers */,
				725F1C6C2B976B240015D130 /* ViewModels */,
				72620C4D2B95D0C4008D0481 /* Views */,
				72620C432B95CEE7008D0481 /* Controllers */,
				7236A19E2B9338AD002691CD /* Info.plist */,
			);
			path = TwitterClone;
			sourceTree = "<group>";
		};
		725F1C672B975BA70015D130 /* Onboarding */ = {
			isa = PBXGroup;
			children = (
				725F1C682B975BBA0015D130 /* OnboardingViewController.swift */,
				725F1C6A2B975FF50015D130 /* RegisterViewController.swift */,
				722642812B979A5E00D93023 /* LoginViewController.swift */,
			);
			path = Onboarding;
			sourceTree = "<group>";
		};
		725F1C6C2B976B240015D130 /* ViewModels */ = {
			isa = PBXGroup;
			children = (
				725F1C6D2B976B350015D130 /* AuthenticationViewViewModel.swift */,
				72E536452B9873FE005B7646 /* HomeViewViewModel.swift */,
				72E536492B98780C005B7646 /* ProfileDataFormViewViewModel.swift */,
				72E5364D2B989E7D005B7646 /* ProfileViewViewModel.swift */,
				72E536592B98C1CC005B7646 /* TweetComposeViewViewModel.swift */,
			);
			path = ViewModels;
			sourceTree = "<group>";
		};
		725F1C6F2B97728B0015D130 /* Networking */ = {
			isa = PBXGroup;
			children = (
				725F1C702B97729B0015D130 /* AuthManager.swift */,
				72E536432B986A7F005B7646 /* DatabaseManager.swift */,
				72E5364B2B9893D0005B7646 /* StorageManager.swift */,
			);
			path = Networking;
			sourceTree = "<group>";
		};
		72620C432B95CEE7008D0481 /* Controllers */ = {
			isa = PBXGroup;
			children = (
				725F1C672B975BA70015D130 /* Onboarding */,
				72AD2D382B95EF0200611832 /* Other */,
				72620C442B95CEEF008D0481 /* Core */,
			);
			path = Controllers;
			sourceTree = "<group>";
		};
		72620C442B95CEEF008D0481 /* Core */ = {
			isa = PBXGroup;
			children = (
				7236A1912B9338AC002691CD /* MainTabViewController.swift */,
				72620C452B95CF08008D0481 /* HomeViewController.swift */,
				72620C472B95CF15008D0481 /* SearchViewController.swift */,
				72620C492B95CF21008D0481 /* NotificationViewController.swift */,
				72620C4B2B95CF2A008D0481 /* DirectMessageViewController.swift */,
			);
			path = Core;
			sourceTree = "<group>";
		};
		72620C4D2B95D0C4008D0481 /* Views */ = {
			isa = PBXGroup;
			children = (
				72620C4E2B95D0E1008D0481 /* TweetTableViewCell.swift */,
				725F1C2C2B96FD960015D130 /* ProfileTableViewHeader.swift */,
			);
			path = Views;
			sourceTree = "<group>";
		};
		72620C502B95D299008D0481 /* Managers */ = {
			isa = PBXGroup;
			children = (
				7236A18D2B9338AC002691CD /* AppDelegate.swift */,
				7236A18F2B9338AC002691CD /* SceneDelegate.swift */,
				7236A1992B9338AD002691CD /* Assets.xcassets */,
				7236A19B2B9338AD002691CD /* LaunchScreen.storyboard */,
				72620C512B95D2C2008D0481 /* Extensions.swift */,
			);
			path = Managers;
			sourceTree = "<group>";
		};
		72AD2D382B95EF0200611832 /* Other */ = {
			isa = PBXGroup;
			children = (
				72AD2D392B95EF1A00611832 /* ProfileViewController.swift */,
				72E536472B98772C005B7646 /* ProfileDataFormViewController.swift */,
				72E536552B98BD94005B7646 /* TweetComposeViewController.swift */,
			);
			name = Other;
			sourceTree = "<group>";
		};
		72E536402B9869C9005B7646 /* Models */ = {
			isa = PBXGroup;
			children = (
				72E536412B9869E2005B7646 /* TwitterUser.swift */,
				72E536572B98C153005B7646 /* Tweet.swift */,
			);
			path = Models;
			sourceTree = "<group>";
		};
/* End PBXGroup section */

/* Begin PBXNativeTarget section */
		7236A1892B9338AC002691CD /* TwitterClone */ = {
			isa = PBXNativeTarget;
			buildConfigurationList = 7236A1A12B9338AD002691CD /* Build configuration list for PBXNativeTarget "TwitterClone" */;
			buildPhases = (
				7236A1862B9338AC002691CD /* Sources */,
				7236A1872B9338AC002691CD /* Frameworks */,
				7236A1882B9338AC002691CD /* Resources */,
			);
			buildRules = (
			);
			dependencies = (
			);
			name = TwitterClone;
			packageProductDependencies = (
				725F1C3D2B975A8A0015D130 /* FirebaseAuth */,
				725F1C3F2B975A8A0015D130 /* FirebaseAuthCombine-Community */,
				725F1C432B975A8A0015D130 /* FirebaseDatabase */,
				725F1C452B975A8A0015D130 /* FirebaseDatabaseSwift */,
				725F1C492B975A8A0015D130 /* FirebaseFirestore */,
				725F1C4B2B975A8A0015D130 /* FirebaseFirestoreCombine-Community */,
				725F1C4D2B975A8A0015D130 /* FirebaseFirestoreSwift */,
				725F1C632B975A8A0015D130 /* FirebaseStorage */,
				725F1C652B975A8A0015D130 /* FirebaseStorageCombine-Community */,
				72E536502B98A254005B7646 /* SDWebImage */,
			);
			productName = TwitterClone;
			productReference = 7236A18A2B9338AC002691CD /* TwitterClone.app */;
			productType = "com.apple.product-type.application";
		};
/* End PBXNativeTarget section */

/* Begin PBXProject section */
		7236A1822B9338AC002691CD /* Project object */ = {
			isa = PBXProject;
			attributes = {
				BuildIndependentTargetsInParallel = 1;
				LastSwiftUpdateCheck = 1510;
				LastUpgradeCheck = 1510;
				TargetAttributes = {
					7236A1892B9338AC002691CD = {
						CreatedOnToolsVersion = 15.1;
					};
				};
			};
			buildConfigurationList = 7236A1852B9338AC002691CD /* Build configuration list for PBXProject "TwitterClone" */;
			compatibilityVersion = "Xcode 14.0";
			developmentRegion = en;
			hasScannedForEncodings = 0;
			knownRegions = (
				en,
				Base,
			);
			mainGroup = 7236A1812B9338AC002691CD;
			packageReferences = (
				725F1C302B975A8A0015D130 /* XCRemoteSwiftPackageReference "firebase-ios-sdk" */,
				72E5364F2B98A254005B7646 /* XCRemoteSwiftPackageReference "SDWebImage" */,
			);
			productRefGroup = 7236A18B2B9338AC002691CD /* Products */;
			projectDirPath = "";
			projectRoot = "";
			targets = (
				7236A1892B9338AC002691CD /* TwitterClone */,
			);
		};
/* End PBXProject section */

/* Begin PBXResourcesBuildPhase section */
		7236A1882B9338AC002691CD /* Resources */ = {
			isa = PBXResourcesBuildPhase;
			buildActionMask = 2147483647;
			files = (
				7236A19D2B9338AD002691CD /* LaunchScreen.storyboard in Resources */,
				725F1C2F2B9759D50015D130 /* GoogleService-Info.plist in Resources */,
				7236A19A2B9338AD002691CD /* Assets.xcassets in Resources */,
			);
			runOnlyForDeploymentPostprocessing = 0;
		};
/* End PBXResourcesBuildPhase section */

/* Begin PBXSourcesBuildPhase section */
		7236A1862B9338AC002691CD /* Sources */ = {
			isa = PBXSourcesBuildPhase;
			buildActionMask = 2147483647;
			files = (
				72620C482B95CF15008D0481 /* SearchViewController.swift in Sources */,
				72620C522B95D2C2008D0481 /* Extensions.swift in Sources */,
				72E536562B98BD94005B7646 /* TweetComposeViewController.swift in Sources */,
				72AD2D3A2B95EF1A00611832 /* ProfileViewController.swift in Sources */,
				72620C4C2B95CF2A008D0481 /* DirectMessageViewController.swift in Sources */,
				725F1C712B97729B0015D130 /* AuthManager.swift in Sources */,
				72620C4F2B95D0E1008D0481 /* TweetTableViewCell.swift in Sources */,
				72E5364A2B98780C005B7646 /* ProfileDataFormViewViewModel.swift in Sources */,
				72620C462B95CF08008D0481 /* HomeViewController.swift in Sources */,
				72E5364E2B989E7D005B7646 /* ProfileViewViewModel.swift in Sources */,
				72E536422B9869E2005B7646 /* TwitterUser.swift in Sources */,
				72E536582B98C153005B7646 /* Tweet.swift in Sources */,
				72E536442B986A7F005B7646 /* DatabaseManager.swift in Sources */,
				725F1C6E2B976B350015D130 /* AuthenticationViewViewModel.swift in Sources */,
				72E5365A2B98C1CC005B7646 /* TweetComposeViewViewModel.swift in Sources */,
				7236A1922B9338AC002691CD /* MainTabViewController.swift in Sources */,
				725F1C692B975BBA0015D130 /* OnboardingViewController.swift in Sources */,
				72E5364C2B9893D0005B7646 /* StorageManager.swift in Sources */,
				72620C4A2B95CF21008D0481 /* NotificationViewController.swift in Sources */,
				7236A18E2B9338AC002691CD /* AppDelegate.swift in Sources */,
				722642822B979A5E00D93023 /* LoginViewController.swift in Sources */,
				725F1C6B2B975FF50015D130 /* RegisterViewController.swift in Sources */,
				72E536482B98772C005B7646 /* ProfileDataFormViewController.swift in Sources */,
				7236A1902B9338AC002691CD /* SceneDelegate.swift in Sources */,
				725F1C2D2B96FD960015D130 /* ProfileTableViewHeader.swift in Sources */,
				72E536462B9873FE005B7646 /* HomeViewViewModel.swift in Sources */,
			);
			runOnlyForDeploymentPostprocessing = 0;
		};
/* End PBXSourcesBuildPhase section */

/* Begin PBXVariantGroup section */
		7236A19B2B9338AD002691CD /* LaunchScreen.storyboard */ = {
			isa = PBXVariantGroup;
			children = (
				7236A19C2B9338AD002691CD /* Base */,
			);
			name = LaunchScreen.storyboard;
			sourceTree = "<group>";
		};
/* End PBXVariantGroup section */

/* Begin XCBuildConfiguration section */
		7236A19F2B9338AD002691CD /* Debug */ = {
			isa = XCBuildConfiguration;
			buildSettings = {
				ALWAYS_SEARCH_USER_PATHS = NO;
				ASSETCATALOG_COMPILER_GENERATE_SWIFT_ASSET_SYMBOL_EXTENSIONS = YES;
				CLANG_ANALYZER_NONNULL = YES;
				CLANG_ANALYZER_NUMBER_OBJECT_CONVERSION = YES_AGGRESSIVE;
				CLANG_CXX_LANGUAGE_STANDARD = "gnu++20";
				CLANG_ENABLE_MODULES = YES;
				CLANG_ENABLE_OBJC_ARC = YES;
				CLANG_ENABLE_OBJC_WEAK = YES;
				CLANG_WARN_BLOCK_CAPTURE_AUTORELEASING = YES;
				CLANG_WARN_BOOL_CONVERSION = YES;
				CLANG_WARN_COMMA = YES;
				CLANG_WARN_CONSTANT_CONVERSION = YES;
				CLANG_WARN_DEPRECATED_OBJC_IMPLEMENTATIONS = YES;
				CLANG_WARN_DIRECT_OBJC_ISA_USAGE = YES_ERROR;
				CLANG_WARN_DOCUMENTATION_COMMENTS = YES;
				CLANG_WARN_EMPTY_BODY = YES;
				CLANG_WARN_ENUM_CONVERSION = YES;
				CLANG_WARN_INFINITE_RECURSION = YES;
				CLANG_WARN_INT_CONVERSION = YES;
				CLANG_WARN_NON_LITERAL_NULL_CONVERSION = YES;
				CLANG_WARN_OBJC_IMPLICIT_RETAIN_SELF = YES;
				CLANG_WARN_OBJC_LITERAL_CONVERSION = YES;
				CLANG_WARN_OBJC_ROOT_CLASS = YES_ERROR;
				CLANG_WARN_QUOTED_INCLUDE_IN_FRAMEWORK_HEADER = YES;
				CLANG_WARN_RANGE_LOOP_ANALYSIS = YES;
				CLANG_WARN_STRICT_PROTOTYPES = YES;
				CLANG_WARN_SUSPICIOUS_MOVE = YES;
				CLANG_WARN_UNGUARDED_AVAILABILITY = YES_AGGRESSIVE;
				CLANG_WARN_UNREACHABLE_CODE = YES;
				CLANG_WARN__DUPLICATE_METHOD_MATCH = YES;
				COPY_PHASE_STRIP = NO;
				DEBUG_INFORMATION_FORMAT = dwarf;
				ENABLE_STRICT_OBJC_MSGSEND = YES;
				ENABLE_TESTABILITY = YES;
				ENABLE_USER_SCRIPT_SANDBOXING = YES;
				GCC_C_LANGUAGE_STANDARD = gnu17;
				GCC_DYNAMIC_NO_PIC = NO;
				GCC_NO_COMMON_BLOCKS = YES;
				GCC_OPTIMIZATION_LEVEL = 0;
				GCC_PREPROCESSOR_DEFINITIONS = (
					"DEBUG=1",
					"$(inherited)",
				);
				GCC_WARN_64_TO_32_BIT_CONVERSION = YES;
				GCC_WARN_ABOUT_RETURN_TYPE = YES_ERROR;
				GCC_WARN_UNDECLARED_SELECTOR = YES;
				GCC_WARN_UNINITIALIZED_AUTOS = YES_AGGRESSIVE;
				GCC_WARN_UNUSED_FUNCTION = YES;
				GCC_WARN_UNUSED_VARIABLE = YES;
				IPHONEOS_DEPLOYMENT_TARGET = 17.2;
				LOCALIZATION_PREFERS_STRING_CATALOGS = YES;
				MTL_ENABLE_DEBUG_INFO = INCLUDE_SOURCE;
				MTL_FAST_MATH = YES;
				ONLY_ACTIVE_ARCH = YES;
				SDKROOT = iphoneos;
				SWIFT_ACTIVE_COMPILATION_CONDITIONS = "DEBUG $(inherited)";
				SWIFT_OPTIMIZATION_LEVEL = "-Onone";
			};
			name = Debug;
		};
		7236A1A02B9338AD002691CD /* Release */ = {
			isa = XCBuildConfiguration;
			buildSettings = {
				ALWAYS_SEARCH_USER_PATHS = NO;
				ASSETCATALOG_COMPILER_GENERATE_SWIFT_ASSET_SYMBOL_EXTENSIONS = YES;
				CLANG_ANALYZER_NONNULL = YES;
				CLANG_ANALYZER_NUMBER_OBJECT_CONVERSION = YES_AGGRESSIVE;
				CLANG_CXX_LANGUAGE_STANDARD = "gnu++20";
				CLANG_ENABLE_MODULES = YES;
				CLANG_ENABLE_OBJC_ARC = YES;
				CLANG_ENABLE_OBJC_WEAK = YES;
				CLANG_WARN_BLOCK_CAPTURE_AUTORELEASING = YES;
				CLANG_WARN_BOOL_CONVERSION = YES;
				CLANG_WARN_COMMA = YES;
				CLANG_WARN_CONSTANT_CONVERSION = YES;
				CLANG_WARN_DEPRECATED_OBJC_IMPLEMENTATIONS = YES;
				CLANG_WARN_DIRECT_OBJC_ISA_USAGE = YES_ERROR;
				CLANG_WARN_DOCUMENTATION_COMMENTS = YES;
				CLANG_WARN_EMPTY_BODY = YES;
				CLANG_WARN_ENUM_CONVERSION = YES;
				CLANG_WARN_INFINITE_RECURSION = YES;
				CLANG_WARN_INT_CONVERSION = YES;
				CLANG_WARN_NON_LITERAL_NULL_CONVERSION = YES;
				CLANG_WARN_OBJC_IMPLICIT_RETAIN_SELF = YES;
				CLANG_WARN_OBJC_LITERAL_CONVERSION = YES;
				CLANG_WARN_OBJC_ROOT_CLASS = YES_ERROR;
				CLANG_WARN_QUOTED_INCLUDE_IN_FRAMEWORK_HEADER = YES;
				CLANG_WARN_RANGE_LOOP_ANALYSIS = YES;
				CLANG_WARN_STRICT_PROTOTYPES = YES;
				CLANG_WARN_SUSPICIOUS_MOVE = YES;
				CLANG_WARN_UNGUARDED_AVAILABILITY = YES_AGGRESSIVE;
				CLANG_WARN_UNREACHABLE_CODE = YES;
				CLANG_WARN__DUPLICATE_METHOD_MATCH = YES;
				COPY_PHASE_STRIP = NO;
				DEBUG_INFORMATION_FORMAT = "dwarf-with-dsym";
				ENABLE_NS_ASSERTIONS = NO;
				ENABLE_STRICT_OBJC_MSGSEND = YES;
				ENABLE_USER_SCRIPT_SANDBOXING = YES;
				GCC_C_LANGUAGE_STANDARD = gnu17;
				GCC_NO_COMMON_BLOCKS = YES;
				GCC_WARN_64_TO_32_BIT_CONVERSION = YES;
				GCC_WARN_ABOUT_RETURN_TYPE = YES_ERROR;
				GCC_WARN_UNDECLARED_SELECTOR = YES;
				GCC_WARN_UNINITIALIZED_AUTOS = YES_AGGRESSIVE;
				GCC_WARN_UNUSED_FUNCTION = YES;
				GCC_WARN_UNUSED_VARIABLE = YES;
				IPHONEOS_DEPLOYMENT_TARGET = 17.2;
				LOCALIZATION_PREFERS_STRING_CATALOGS = YES;
				MTL_ENABLE_DEBUG_INFO = NO;
				MTL_FAST_MATH = YES;
				SDKROOT = iphoneos;
				SWIFT_COMPILATION_MODE = wholemodule;
				VALIDATE_PRODUCT = YES;
			};
			name = Release;
		};
		7236A1A22B9338AD002691CD /* Debug */ = {
			isa = XCBuildConfiguration;
			buildSettings = {
				ASSETCATALOG_COMPILER_APPICON_NAME = AppIcon;
				ASSETCATALOG_COMPILER_GLOBAL_ACCENT_COLOR_NAME = AccentColor;
				CODE_SIGN_STYLE = Automatic;
				CURRENT_PROJECT_VERSION = 1;
				DEVELOPMENT_TEAM = NJVM2X728T;
				GENERATE_INFOPLIST_FILE = YES;
				INFOPLIST_FILE = TwitterClone/Info.plist;
				INFOPLIST_KEY_UIApplicationSupportsIndirectInputEvents = YES;
				INFOPLIST_KEY_UILaunchStoryboardName = LaunchScreen;
				INFOPLIST_KEY_UISupportedInterfaceOrientations_iPad = "UIInterfaceOrientationPortrait UIInterfaceOrientationPortraitUpsideDown UIInterfaceOrientationLandscapeLeft UIInterfaceOrientationLandscapeRight";
				INFOPLIST_KEY_UISupportedInterfaceOrientations_iPhone = "UIInterfaceOrientationPortrait UIInterfaceOrientationLandscapeLeft UIInterfaceOrientationLandscapeRight";
				LD_RUNPATH_SEARCH_PATHS = (
					"$(inherited)",
					"@executable_path/Frameworks",
				);
				MARKETING_VERSION = 1.0;
				PRODUCT_BUNDLE_IDENTIFIER = com.chingizagha.TwitterClone;
				PRODUCT_NAME = "$(TARGET_NAME)";
				SWIFT_EMIT_LOC_STRINGS = YES;
				SWIFT_VERSION = 5.0;
				TARGETED_DEVICE_FAMILY = "1,2";
			};
			name = Debug;
		};
		7236A1A32B9338AD002691CD /* Release */ = {
			isa = XCBuildConfiguration;
			buildSettings = {
				ASSETCATALOG_COMPILER_APPICON_NAME = AppIcon;
				ASSETCATALOG_COMPILER_GLOBAL_ACCENT_COLOR_NAME = AccentColor;
				CODE_SIGN_STYLE = Automatic;
				CURRENT_PROJECT_VERSION = 1;
				DEVELOPMENT_TEAM = NJVM2X728T;
				GENERATE_INFOPLIST_FILE = YES;
				INFOPLIST_FILE = TwitterClone/Info.plist;
				INFOPLIST_KEY_UIApplicationSupportsIndirectInputEvents = YES;
				INFOPLIST_KEY_UILaunchStoryboardName = LaunchScreen;
				INFOPLIST_KEY_UISupportedInterfaceOrientations_iPad = "UIInterfaceOrientationPortrait UIInterfaceOrientationPortraitUpsideDown UIInterfaceOrientationLandscapeLeft UIInterfaceOrientationLandscapeRight";
				INFOPLIST_KEY_UISupportedInterfaceOrientations_iPhone = "UIInterfaceOrientationPortrait UIInterfaceOrientationLandscapeLeft UIInterfaceOrientationLandscapeRight";
				LD_RUNPATH_SEARCH_PATHS = (
					"$(inherited)",
					"@executable_path/Frameworks",
				);
				MARKETING_VERSION = 1.0;
				PRODUCT_BUNDLE_IDENTIFIER = com.chingizagha.TwitterClone;
				PRODUCT_NAME = "$(TARGET_NAME)";
				SWIFT_EMIT_LOC_STRINGS = YES;
				SWIFT_VERSION = 5.0;
				TARGETED_DEVICE_FAMILY = "1,2";
			};
			name = Release;
		};
/* End XCBuildConfiguration section */

/* Begin XCConfigurationList section */
		7236A1852B9338AC002691CD /* Build configuration list for PBXProject "TwitterClone" */ = {
			isa = XCConfigurationList;
			buildConfigurations = (
				7236A19F2B9338AD002691CD /* Debug */,
				7236A1A02B9338AD002691CD /* Release */,
			);
			defaultConfigurationIsVisible = 0;
			defaultConfigurationName = Release;
		};
		7236A1A12B9338AD002691CD /* Build configuration list for PBXNativeTarget "TwitterClone" */ = {
			isa = XCConfigurationList;
			buildConfigurations = (
				7236A1A22B9338AD002691CD /* Debug */,
				7236A1A32B9338AD002691CD /* Release */,
			);
			defaultConfigurationIsVisible = 0;
			defaultConfigurationName = Release;
		};
/* End XCConfigurationList section */

/* Begin XCRemoteSwiftPackageReference section */
		725F1C302B975A8A0015D130 /* XCRemoteSwiftPackageReference "firebase-ios-sdk" */ = {
			isa = XCRemoteSwiftPackageReference;
			repositoryURL = "https://github.com/firebase/firebase-ios-sdk";
			requirement = {
				kind = upToNextMinorVersion;
				minimumVersion = 10.22.0;
			};
		};
		72E5364F2B98A254005B7646 /* XCRemoteSwiftPackageReference "SDWebImage" */ = {
			isa = XCRemoteSwiftPackageReference;
			repositoryURL = "https://github.com/SDWebImage/SDWebImage.git";
			requirement = {
				kind = upToNextMajorVersion;
				minimumVersion = 5.19.0;
			};
		};
/* End XCRemoteSwiftPackageReference section */

/* Begin XCSwiftPackageProductDependency section */
		725F1C3D2B975A8A0015D130 /* FirebaseAuth */ = {
			isa = XCSwiftPackageProductDependency;
			package = 725F1C302B975A8A0015D130 /* XCRemoteSwiftPackageReference "firebase-ios-sdk" */;
			productName = FirebaseAuth;
		};
		725F1C3F2B975A8A0015D130 /* FirebaseAuthCombine-Community */ = {
			isa = XCSwiftPackageProductDependency;
			package = 725F1C302B975A8A0015D130 /* XCRemoteSwiftPackageReference "firebase-ios-sdk" */;
			productName = "FirebaseAuthCombine-Community";
		};
		725F1C432B975A8A0015D130 /* FirebaseDatabase */ = {
			isa = XCSwiftPackageProductDependency;
			package = 725F1C302B975A8A0015D130 /* XCRemoteSwiftPackageReference "firebase-ios-sdk" */;
			productName = FirebaseDatabase;
		};
		725F1C452B975A8A0015D130 /* FirebaseDatabaseSwift */ = {
			isa = XCSwiftPackageProductDependency;
			package = 725F1C302B975A8A0015D130 /* XCRemoteSwiftPackageReference "firebase-ios-sdk" */;
			productName = FirebaseDatabaseSwift;
		};
		725F1C492B975A8A0015D130 /* FirebaseFirestore */ = {
			isa = XCSwiftPackageProductDependency;
			package = 725F1C302B975A8A0015D130 /* XCRemoteSwiftPackageReference "firebase-ios-sdk" */;
			productName = FirebaseFirestore;
		};
		725F1C4B2B975A8A0015D130 /* FirebaseFirestoreCombine-Community */ = {
			isa = XCSwiftPackageProductDependency;
			package = 725F1C302B975A8A0015D130 /* XCRemoteSwiftPackageReference "firebase-ios-sdk" */;
			productName = "FirebaseFirestoreCombine-Community";
		};
		725F1C4D2B975A8A0015D130 /* FirebaseFirestoreSwift */ = {
			isa = XCSwiftPackageProductDependency;
			package = 725F1C302B975A8A0015D130 /* XCRemoteSwiftPackageReference "firebase-ios-sdk" */;
			productName = FirebaseFirestoreSwift;
		};
		725F1C632B975A8A0015D130 /* FirebaseStorage */ = {
			isa = XCSwiftPackageProductDependency;
			package = 725F1C302B975A8A0015D130 /* XCRemoteSwiftPackageReference "firebase-ios-sdk" */;
			productName = FirebaseStorage;
		};
		725F1C652B975A8A0015D130 /* FirebaseStorageCombine-Community */ = {
			isa = XCSwiftPackageProductDependency;
			package = 725F1C302B975A8A0015D130 /* XCRemoteSwiftPackageReference "firebase-ios-sdk" */;
			productName = "FirebaseStorageCombine-Community";
		};
		72E536502B98A254005B7646 /* SDWebImage */ = {
			isa = XCSwiftPackageProductDependency;
			package = 72E5364F2B98A254005B7646 /* XCRemoteSwiftPackageReference "SDWebImage" */;
			productName = SDWebImage;
		};
/* End XCSwiftPackageProductDependency section */
	};
	rootObject = 7236A1822B9338AC002691CD /* Project object */;
}
